
Microsoft Visual Studio Solution File, Format Version 12.00
# Visual Studio Version 17
VisualStudioVersion = 17.0.32014.148
MinimumVisualStudioVersion = 10.0.40219.1
Project("{FAE04EC0-301F-11D3-BF4B-00C04F79EFBC}") = "Lecture1.Tests", "Lecture1.Tests\Lecture1.Tests.csproj", "{B4EC56DA-6729-4E7B-BEC0-9881267BC6A4}"
EndProject
Project("{FAE04EC0-301F-11D3-BF4B-00C04F79EFBC}") = "Lecture1", "Lecture1\Lecture1.csproj", "{06888781-F628-48E7-96C9-F74B371DAB8F}"
EndProject
Global
	GlobalSection(SolutionConfigurationPlatforms) = preSolution
		Debug|Any CPU = Debug|Any CPU
		Release|Any CPU = Release|Any CPU
	EndGlobalSection
	GlobalSection(ProjectConfigurationPlatforms) = postSolution
		{B4EC56DA-6729-4E7B-BEC0-9881267BC6A4}.Debug|Any CPU.ActiveCfg = Debug|Any CPU
		{B4EC56DA-6729-4E7B-BEC0-9881267BC6A4}.Debug|Any CPU.Build.0 = Debug|Any CPU
		{B4EC56DA-6729-4E7B-BEC0-9881267BC6A4}.Release|Any CPU.ActiveCfg = Release|Any CPU
		{B4EC56DA-6729-4E7B-BEC0-9881267BC6A4}.Release|Any CPU.Build.0 = Release|Any CPU
		{06888781-F628-48E7-96C9-F74B371DAB8F}.Debug|Any CPU.ActiveCfg = Debug|Any CPU
		{06888781-F628-48E7-96C9-F74B371DAB8F}.Debug|Any CPU.Build.0 = Debug|Any CPU
		{06888781-F628-48E7-96C9-F74B371DAB8F}.Release|Any CPU.ActiveCfg = Release|Any CPU
		{06888781-F628-48E7-96C9-F74B371DAB8F}.Release|Any CPU.Build.0 = Release|Any CPU
	EndGlobalSection
	GlobalSection(SolutionProperties) = preSolution
		HideSolutionNode = FALSE
	EndGlobalSection
	GlobalSection(ExtensibilityGlobals) = postSolution
		SolutionGuid = {1D4F5944-C9CD-459B-BAB1-758988567621}
	EndGlobalSection
EndGlobal
